// !$*UTF8*$!
{
	archiveVersion = 1;
	classes = {
	};
	objectVersion = 50;
	objects = {

/* Begin PBXBuildFile section */
		97AD1E9A22810CD3003FEF48 /* AppDelegate.swift in Sources */ = {isa = PBXBuildFile; fileRef = 97AD1E9922810CD3003FEF48 /* AppDelegate.swift */; };
		97AD1E9C22810CD3003FEF48 /* TableViewController.swift in Sources */ = {isa = PBXBuildFile; fileRef = 97AD1E9B22810CD3003FEF48 /* TableViewController.swift */; };
		97AD1E9F22810CD3003FEF48 /* Main.storyboard in Resources */ = {isa = PBXBuildFile; fileRef = 97AD1E9D22810CD3003FEF48 /* Main.storyboard */; };
		97AD1EA222810CD3003FEF48 /* CoreDataInt.xcdatamodeld in Sources */ = {isa = PBXBuildFile; fileRef = 97AD1EA022810CD3003FEF48 /* CoreDataInt.xcdatamodeld */; };
		97AD1EA422810CD4003FEF48 /* Assets.xcassets in Resources */ = {isa = PBXBuildFile; fileRef = 97AD1EA322810CD4003FEF48 /* Assets.xcassets */; };
		97AD1EA722810CD4003FEF48 /* LaunchScreen.storyboard in Resources */ = {isa = PBXBuildFile; fileRef = 97AD1EA522810CD4003FEF48 /* LaunchScreen.storyboard */; };
/* End PBXBuildFile section */

/* Begin PBXFileReference section */
		97AD1E9622810CD3003FEF48 /* CoreDataInt.app */ = {isa = PBXFileReference; explicitFileType = wrapper.application; includeInIndex = 0; path = CoreDataInt.app; sourceTree = BUILT_PRODUCTS_DIR; };
		97AD1E9922810CD3003FEF48 /* AppDelegate.swift */ = {isa = PBXFileReference; lastKnownFileType = sourcecode.swift; path = AppDelegate.swift; sourceTree = "<group>"; };
		97AD1E9B22810CD3003FEF48 /* TableViewController.swift */ = {isa = PBXFileReference; lastKnownFileType = sourcecode.swift; path = TableViewController.swift; sourceTree = "<group>"; };
		97AD1E9E22810CD3003FEF48 /* Base */ = {isa = PBXFileReference; lastKnownFileType = file.storyboard; name = Base; path = Base.lproj/Main.storyboard; sourceTree = "<group>"; };
		97AD1EA122810CD3003FEF48 /* CoreDataInt.xcdatamodel */ = {isa = PBXFileReference; lastKnownFileType = wrapper.xcdatamodel; path = CoreDataInt.xcdatamodel; sourceTree = "<group>"; };
		97AD1EA322810CD4003FEF48 /* Assets.xcassets */ = {isa = PBXFileReference; lastKnownFileType = folder.assetcatalog; path = Assets.xcassets; sourceTree = "<group>"; };
		97AD1EA622810CD4003FEF48 /* Base */ = {isa = PBXFileReference; lastKnownFileType = file.storyboard; name = Base; path = Base.lproj/LaunchScreen.storyboard; sourceTree = "<group>"; };
		97AD1EA822810CD4003FEF48 /* Info.plist */ = {isa = PBXFileReference; lastKnownFileType = text.plist.xml; path = Info.plist; sourceTree = "<group>"; };
/* End PBXFileReference section */

/* Begin PBXFrameworksBuildPhase section */
		97AD1E9322810CD3003FEF48 /* Frameworks */ = {
			isa = PBXFrameworksBuildPhase;
			buildActionMask = 2147483647;
			files = (
			);
			runOnlyForDeploymentPostprocessing = 0;
		};
/* End PBXFrameworksBuildPhase section */

/* Begin PBXGroup section */
		97AD1E8D22810CD3003FEF48 = {
			isa = PBXGroup;
			children = (
				97AD1E9822810CD3003FEF48 /* CoreDataInt */,
				97AD1E9722810CD3003FEF48 /* Products */,
			);
			sourceTree = "<group>";
		};
		97AD1E9722810CD3003FEF48 /* Products */ = {
			isa = PBXGroup;
			children = (
				97AD1E9622810CD3003FEF48 /* CoreDataInt.app */,
			);
			name = Products;
			sourceTree = "<group>";
		};
		97AD1E9822810CD3003FEF48 /* CoreDataInt */ = {
			isa = PBXGroup;
			children = (
				97AD1E9922810CD3003FEF48 /* AppDelegate.swift */,
				97AD1E9B22810CD3003FEF48 /* TableViewController.swift */,
				97AD1E9D22810CD3003FEF48 /* Main.storyboard */,
				97AD1EA322810CD4003FEF48 /* Assets.xcassets */,
				97AD1EA522810CD4003FEF48 /* LaunchScreen.storyboard */,
				97AD1EA822810CD4003FEF48 /* Info.plist */,
				97AD1EA022810CD3003FEF48 /* CoreDataInt.xcdatamodeld */,
			);
			path = CoreDataInt;
			sourceTree = "<group>";
		};
/* End PBXGroup section */

/* Begin PBXNativeTarget section */
		97AD1E9522810CD3003FEF48 /* CoreDataInt */ = {
			isa = PBXNativeTarget;
			buildConfigurationList = 97AD1EAB22810CD4003FEF48 /* Build configuration list for PBXNativeTarget "CoreDataInt" */;
			buildPhases = (
				97AD1E9222810CD3003FEF48 /* Sources */,
				97AD1E9322810CD3003FEF48 /* Frameworks */,
				97AD1E9422810CD3003FEF48 /* Resources */,
			);
			buildRules = (
			);
			dependencies = (
			);
			name = CoreDataInt;
			productName = CoreDataInt;
			productReference = 97AD1E9622810CD3003FEF48 /* CoreDataInt.app */;
			productType = "com.apple.product-type.application";
		};
/* End PBXNativeTarget section */

/* Begin PBXProject section */
		97AD1E8E22810CD3003FEF48 /* Project object */ = {
			isa = PBXProject;
			attributes = {
				LastSwiftUpdateCheck = 1000;
				LastUpgradeCheck = 1000;
				ORGANIZATIONNAME = Vu;
				TargetAttributes = {
					97AD1E9522810CD3003FEF48 = {
						CreatedOnToolsVersion = 10.0;
					};
				};
			};
			buildConfigurationList = 97AD1E9122810CD3003FEF48 /* Build configuration list for PBXProject "CoreDataInt" */;
			compatibilityVersion = "Xcode 9.3";
			developmentRegion = en;
			hasScannedForEncodings = 0;
			knownRegions = (
				en,
				Base,
			);
			mainGroup = 97AD1E8D22810CD3003FEF48;
			productRefGroup = 97AD1E9722810CD3003FEF48 /* Products */;
			projectDirPath = "";
			projectRoot = "";
			targets = (
				97AD1E9522810CD3003FEF48 /* CoreDataInt */,
			);
		};
/* End PBXProject section */

/* Begin PBXResourcesBuildPhase section */
		97AD1E9422810CD3003FEF48 /* Resources */ = {
			isa = PBXResourcesBuildPhase;
			buildActionMask = 2147483647;
			files = (
				97AD1EA722810CD4003FEF48 /* LaunchScreen.storyboard in Resources */,
				97AD1EA422810CD4003FEF48 /* Assets.xcassets in Resources */,
				97AD1E9F22810CD3003FEF48 /* Main.storyboard in Resources */,
			);
			runOnlyForDeploymentPostprocessing = 0;
		};
/* End PBXResourcesBuildPhase section */

/* Begin PBXSourcesBuildPhase section */
		97AD1E9222810CD3003FEF48 /* Sources */ = {
			isa = PBXSourcesBuildPhase;
			buildActionMask = 2147483647;
			files = (
				97AD1E9C22810CD3003FEF48 /* TableViewController.swift in Sources */,
				97AD1E9A22810CD3003FEF48 /* AppDelegate.swift in Sources */,
				97AD1EA222810CD3003FEF48 /* CoreDataInt.xcdatamodeld in Sources */,
			);
			runOnlyForDeploymentPostprocessing = 0;
		};
/* End PBXSourcesBuildPhase section */

/* Begin PBXVariantGroup section */
		97AD1E9D22810CD3003FEF48 /* Main.storyboard */ = {
			isa = PBXVariantGroup;
			children = (
				97AD1E9E22810CD3003FEF48 /* Base */,
			);
			name = Main.storyboard;
			sourceTree = "<group>";
		};
		97AD1EA522810CD4003FEF48 /* LaunchScreen.storyboard */ = {
			isa = PBXVariantGroup;
			children = (
				97AD1EA622810CD4003FEF48 /* Base */,
			);
			name = LaunchScreen.storyboard;
			sourceTree = "<group>";
		};
/* End PBXVariantGroup section */

/* Begin XCBuildConfiguration section */
		97AD1EA922810CD4003FEF48 /* Debug */ = {
			isa = XCBuildConfiguration;
			buildSettings = {
				ALWAYS_SEARCH_USER_PATHS = NO;
				CLANG_ANALYZER_NONNULL = YES;
				CLANG_ANALYZER_NUMBER_OBJECT_CONVERSION = YES_AGGRESSIVE;
				CLANG_CXX_LANGUAGE_STANDARD = "gnu++14";
				CLANG_CXX_LIBRARY = "libc++";
				CLANG_ENABLE_MODULES = YES;
				CLANG_ENABLE_OBJC_ARC = YES;
				CLANG_ENABLE_OBJC_WEAK = YES;
				CLANG_WARN_BLOCK_CAPTURE_AUTORELEASING = YES;
				CLANG_WARN_BOOL_CONVERSION = YES;
				CLANG_WARN_COMMA = YES;
				CLANG_WARN_CONSTANT_CONVERSION = YES;
				CLANG_WARN_DEPRECATED_OBJC_IMPLEMENTATIONS = YES;
				CLANG_WARN_DIRECT_OBJC_ISA_USAGE = YES_ERROR;
				CLANG_WARN_DOCUMENTATION_COMMENTS = YES;
				CLANG_WARN_EMPTY_BODY = YES;
				CLANG_WARN_ENUM_CONVERSION = YES;
				CLANG_WARN_INFINITE_RECURSION = YES;
				CLANG_WARN_INT_CONVERSION = YES;
				CLANG_WARN_NON_LITERAL_NULL_CONVERSION = YES;
				CLANG_WARN_OBJC_IMPLICIT_RETAIN_SELF = YES;
				CLANG_WARN_OBJC_LITERAL_CONVERSION = YES;
				CLANG_WARN_OBJC_ROOT_CLASS = YES_ERROR;
				CLANG_WARN_RANGE_LOOP_ANALYSIS = YES;
				CLANG_WARN_STRICT_PROTOTYPES = YES;
				CLANG_WARN_SUSPICIOUS_MOVE = YES;
				CLANG_WARN_UNGUARDED_AVAILABILITY = YES_AGGRESSIVE;
				CLANG_WARN_UNREACHABLE_CODE = YES;
				CLANG_WARN__DUPLICATE_METHOD_MATCH = YES;
				CODE_SIGN_IDENTITY = "iPhone Developer";
				COPY_PHASE_STRIP = NO;
				DEBUG_INFORMATION_FORMAT = dwarf;
				ENABLE_STRICT_OBJC_MSGSEND = YES;
				ENABLE_TESTABILITY = YES;
				GCC_C_LANGUAGE_STANDARD = gnu11;
				GCC_DYNAMIC_NO_PIC = NO;
				GCC_NO_COMMON_BLOCKS = YES;
				GCC_OPTIMIZATION_LEVEL = 0;
				GCC_PREPROCESSOR_DEFINITIONS = (
					"DEBUG=1",
					"$(inherited)",
				);
				GCC_WARN_64_TO_32_BIT_CONVERSION = YES;
				GCC_WARN_ABOUT_RETURN_TYPE = YES_ERROR;
				GCC_WARN_UNDECLARED_SELECTOR = YES;
				GCC_WARN_UNINITIALIZED_AUTOS = YES_AGGRESSIVE;
				GCC_WARN_UNUSED_FUNCTION = YES;
				GCC_WARN_UNUSED_VARIABLE = YES;
				IPHONEOS_DEPLOYMENT_TARGET = 12.0;
				MTL_ENABLE_DEBUG_INFO = INCLUDE_SOURCE;
				MTL_FAST_MATH = YES;
				ONLY_ACTIVE_ARCH = YES;
				SDKROOT = iphoneos;
				SWIFT_ACTIVE_COMPILATION_CONDITIONS = DEBUG;
				SWIFT_OPTIMIZATION_LEVEL = "-Onone";
			};
			name = Debug;
		};
		97AD1EAA22810CD4003FEF48 /* Release */ = {
			isa = XCBuildConfiguration;
			buildSettings = {
				ALWAYS_SEARCH_USER_PATHS = NO;
				CLANG_ANALYZER_NONNULL = YES;
				CLANG_ANALYZER_NUMBER_OBJECT_CONVERSION = YES_AGGRESSIVE;
				CLANG_CXX_LANGUAGE_STANDARD = "gnu++14";
				CLANG_CXX_LIBRARY = "libc++";
				CLANG_ENABLE_MODULES = YES;
				CLANG_ENABLE_OBJC_ARC = YES;
				CLANG_ENABLE_OBJC_WEAK = YES;
				CLANG_WARN_BLOCK_CAPTURE_AUTORELEASING = YES;
				CLANG_WARN_BOOL_CONVERSION = YES;
				CLANG_WARN_COMMA = YES;
				CLANG_WARN_CONSTANT_CONVERSION = YES;
				CLANG_WARN_DEPRECATED_OBJC_IMPLEMENTATIONS = YES;
				CLANG_WARN_DIRECT_OBJC_ISA_USAGE = YES_ERROR;
				CLANG_WARN_DOCUMENTATION_COMMENTS = YES;
				CLANG_WARN_EMPTY_BODY = YES;
				CLANG_WARN_ENUM_CONVERSION = YES;
				CLANG_WARN_INFINITE_RECURSION = YES;
				CLANG_WARN_INT_CONVERSION = YES;
				CLANG_WARN_NON_LITERAL_NULL_CONVERSION = YES;
				CLANG_WARN_OBJC_IMPLICIT_RETAIN_SELF = YES;
				CLANG_WARN_OBJC_LITERAL_CONVERSION = YES;
				CLANG_WARN_OBJC_ROOT_CLASS = YES_ERROR;
				CLANG_WARN_RANGE_LOOP_ANALYSIS = YES;
				CLANG_WARN_STRICT_PROTOTYPES = YES;
				CLANG_WARN_SUSPICIOUS_MOVE = YES;
				CLANG_WARN_UNGUARDED_AVAILABILITY = YES_AGGRESSIVE;
				CLANG_WARN_UNREACHABLE_CODE = YES;
				CLANG_WARN__DUPLICATE_METHOD_MATCH = YES;
				CODE_SIGN_IDENTITY = "iPhone Developer";
				COPY_PHASE_STRIP = NO;
				DEBUG_INFORMATION_FORMAT = "dwarf-with-dsym";
				ENABLE_NS_ASSERTIONS = NO;
				ENABLE_STRICT_OBJC_MSGSEND = YES;
				GCC_C_LANGUAGE_STANDARD = gnu11;
				GCC_NO_COMMON_BLOCKS = YES;
				GCC_WARN_64_TO_32_BIT_CONVERSION = YES;
				GCC_WARN_ABOUT_RETURN_TYPE = YES_ERROR;
				GCC_WARN_UNDECLARED_SELECTOR = YES;
				GCC_WARN_UNINITIALIZED_AUTOS = YES_AGGRESSIVE;
				GCC_WARN_UNUSED_FUNCTION = YES;
				GCC_WARN_UNUSED_VARIABLE = YES;
				IPHONEOS_DEPLOYMENT_TARGET = 12.0;
				MTL_ENABLE_DEBUG_INFO = NO;
				MTL_FAST_MATH = YES;
				SDKROOT = iphoneos;
				SWIFT_COMPILATION_MODE = wholemodule;
				SWIFT_OPTIMIZATION_LEVEL = "-O";
				VALIDATE_PRODUCT = YES;
			};
			name = Release;
		};
		97AD1EAC22810CD4003FEF48 /* Debug */ = {
			isa = XCBuildConfiguration;
			buildSettings = {
				ASSETCATALOG_COMPILER_APPICON_NAME = AppIcon;
				CODE_SIGN_STYLE = Automatic;
				INFOPLIST_FILE = CoreDataInt/Info.plist;
				LD_RUNPATH_SEARCH_PATHS = (
					"$(inherited)",
					"@executable_path/Frameworks",
				);
				PRODUCT_BUNDLE_IDENTIFIER = "-.CoreDataInt";
				PRODUCT_NAME = "$(TARGET_NAME)";
				SWIFT_VERSION = 4.2;
				TARGETED_DEVICE_FAMILY = "1,2";
			};
			name = Debug;
		};
		97AD1EAD22810CD4003FEF48 /* Release */ = {
			isa = XCBuildConfiguration;
			buildSettings = {
				ASSETCATALOG_COMPILER_APPICON_NAME = AppIcon;
				CODE_SIGN_STYLE = Automatic;
				INFOPLIST_FILE = CoreDataInt/Info.plist;
				LD_RUNPATH_SEARCH_PATHS = (
					"$(inherited)",
					"@executable_path/Frameworks",
				);
				PRODUCT_BUNDLE_IDENTIFIER = "-.CoreDataInt";
				PRODUCT_NAME = "$(TARGET_NAME)";
				SWIFT_VERSION = 4.2;
				TARGETED_DEVICE_FAMILY = "1,2";
			};
			name = Release;
		};
/* End XCBuildConfiguration section */

/* Begin XCConfigurationList section */
		97AD1E9122810CD3003FEF48 /* Build configuration list for PBXProject "CoreDataInt" */ = {
			isa = XCConfigurationList;
			buildConfigurations = (
				97AD1EA922810CD4003FEF48 /* Debug */,
				97AD1EAA22810CD4003FEF48 /* Release */,
			);
			defaultConfigurationIsVisible = 0;
			defaultConfigurationName = Release;
		};
		97AD1EAB22810CD4003FEF48 /* Build configuration list for PBXNativeTarget "CoreDataInt" */ = {
			isa = XCConfigurationList;
			buildConfigurations = (
				97AD1EAC22810CD4003FEF48 /* Debug */,
				97AD1EAD22810CD4003FEF48 /* Release */,
			);
			defaultConfigurationIsVisible = 0;
			defaultConfigurationName = Release;
		};
/* End XCConfigurationList section */

/* Begin XCVersionGroup section */
		97AD1EA022810CD3003FEF48 /* CoreDataInt.xcdatamodeld */ = {
			isa = XCVersionGroup;
			children = (
				97AD1EA122810CD3003FEF48 /* CoreDataInt.xcdatamodel */,
			);
			currentVersion = 97AD1EA122810CD3003FEF48 /* CoreDataInt.xcdatamodel */;
			path = CoreDataInt.xcdatamodeld;
			sourceTree = "<group>";
			versionGroupType = wrapper.xcdatamodel;
		};
/* End XCVersionGroup section */
	};
	rootObject = 97AD1E8E22810CD3003FEF48 /* Project object */;
}
